// !$*UTF8*$!
{
	archiveVersion = 1;
	classes = {
	};
	objectVersion = 48;
	objects = {

/* Begin PBXBuildFile section */
		1AD851041F9547BE006FBB61 /* AppDelegate.swift in Sources */ = {isa = PBXBuildFile; fileRef = 1AD851031F9547BE006FBB61 /* AppDelegate.swift */; };
		1AD851081F9547BE006FBB61 /* HeatMapViewController.swift in Sources */ = {isa = PBXBuildFile; fileRef = 1AD851071F9547BE006FBB61 /* HeatMapViewController.swift */; };
		1AD8510B1F9547BE006FBB61 /* Main.storyboard in Resources */ = {isa = PBXBuildFile; fileRef = 1AD851091F9547BE006FBB61 /* Main.storyboard */; };
		1AD8510D1F9547BE006FBB61 /* Assets.xcassets in Resources */ = {isa = PBXBuildFile; fileRef = 1AD8510C1F9547BE006FBB61 /* Assets.xcassets */; };
		1AD851101F9547BE006FBB61 /* LaunchScreen.storyboard in Resources */ = {isa = PBXBuildFile; fileRef = 1AD8510E1F9547BE006FBB61 /* LaunchScreen.storyboard */; };
		1AD851201F955757006FBB61 /* Overview.storyboard in Resources */ = {isa = PBXBuildFile; fileRef = 1AD8511F1F955757006FBB61 /* Overview.storyboard */; };
		1AD851241F9558E4006FBB61 /* OverviewViewController.swift in Sources */ = {isa = PBXBuildFile; fileRef = 1AD851231F9558E4006FBB61 /* OverviewViewController.swift */; };
		1AD851271F955B84006FBB61 /* HeatMap.storyboard in Resources */ = {isa = PBXBuildFile; fileRef = 1AD851251F955B84006FBB61 /* HeatMap.storyboard */; };
		3A2B79651F9E5336006383C4 /* buildingCellTableViewCell.swift in Sources */ = {isa = PBXBuildFile; fileRef = 3A2B79641F9E5336006383C4 /* buildingCellTableViewCell.swift */; };
		3A4FA4DD1F98F32A0086CFBF /* BuildingDetailViewController.swift in Sources */ = {isa = PBXBuildFile; fileRef = 3A4FA4DC1F98F32A0086CFBF /* BuildingDetailViewController.swift */; };
		3A5F28DF1F981F5200CE6A45 /* BuildingListTableViewController.swift in Sources */ = {isa = PBXBuildFile; fileRef = 3A5F28DE1F981F5200CE6A45 /* BuildingListTableViewController.swift */; };
		3AC869E21F983B9D0089F0FA /* Buildings.storyboard in Resources */ = {isa = PBXBuildFile; fileRef = 3AC869E11F983B9D0089F0FA /* Buildings.storyboard */; };
/* End PBXBuildFile section */

/* Begin PBXFileReference section */
		1AD851001F9547BE006FBB61 /* energyapp.app */ = {isa = PBXFileReference; explicitFileType = wrapper.application; includeInIndex = 0; path = energyapp.app; sourceTree = BUILT_PRODUCTS_DIR; };
		1AD851031F9547BE006FBB61 /* AppDelegate.swift */ = {isa = PBXFileReference; lastKnownFileType = sourcecode.swift; path = AppDelegate.swift; sourceTree = "<group>"; };
		1AD851071F9547BE006FBB61 /* HeatMapViewController.swift */ = {isa = PBXFileReference; lastKnownFileType = sourcecode.swift; path = HeatMapViewController.swift; sourceTree = "<group>"; };
		1AD8510A1F9547BE006FBB61 /* Base */ = {isa = PBXFileReference; lastKnownFileType = file.storyboard; name = Base; path = Base.lproj/Main.storyboard; sourceTree = "<group>"; };
		1AD8510C1F9547BE006FBB61 /* Assets.xcassets */ = {isa = PBXFileReference; lastKnownFileType = folder.assetcatalog; path = Assets.xcassets; sourceTree = "<group>"; };
		1AD8510F1F9547BE006FBB61 /* Base */ = {isa = PBXFileReference; lastKnownFileType = file.storyboard; name = Base; path = Base.lproj/LaunchScreen.storyboard; sourceTree = "<group>"; };
		1AD851111F9547BE006FBB61 /* Info.plist */ = {isa = PBXFileReference; lastKnownFileType = text.plist.xml; path = Info.plist; sourceTree = "<group>"; };
		1AD8511F1F955757006FBB61 /* Overview.storyboard */ = {isa = PBXFileReference; fileEncoding = 4; lastKnownFileType = file.storyboard; path = Overview.storyboard; sourceTree = "<group>"; };
		1AD851231F9558E4006FBB61 /* OverviewViewController.swift */ = {isa = PBXFileReference; fileEncoding = 4; lastKnownFileType = sourcecode.swift; path = OverviewViewController.swift; sourceTree = "<group>"; };
		1AD851261F955B84006FBB61 /* Base */ = {isa = PBXFileReference; lastKnownFileType = file.storyboard; name = Base; path = energyapp/Base.lproj/HeatMap.storyboard; sourceTree = "<group>"; };
		3A2B79641F9E5336006383C4 /* buildingCellTableViewCell.swift */ = {isa = PBXFileReference; lastKnownFileType = sourcecode.swift; path = buildingCellTableViewCell.swift; sourceTree = "<group>"; };
		3A4FA4DC1F98F32A0086CFBF /* BuildingDetailViewController.swift */ = {isa = PBXFileReference; lastKnownFileType = sourcecode.swift; path = BuildingDetailViewController.swift; sourceTree = "<group>"; };
		3A5F28DE1F981F5200CE6A45 /* BuildingListTableViewController.swift */ = {isa = PBXFileReference; lastKnownFileType = sourcecode.swift; path = BuildingListTableViewController.swift; sourceTree = "<group>"; };
		3AC869E11F983B9D0089F0FA /* Buildings.storyboard */ = {isa = PBXFileReference; fileEncoding = 4; lastKnownFileType = file.storyboard; path = Buildings.storyboard; sourceTree = "<group>"; };
/* End PBXFileReference section */

/* Begin PBXFrameworksBuildPhase section */
		1AD850FD1F9547BE006FBB61 /* Frameworks */ = {
			isa = PBXFrameworksBuildPhase;
			buildActionMask = 2147483647;
			files = (
			);
			runOnlyForDeploymentPostprocessing = 0;
		};
/* End PBXFrameworksBuildPhase section */

/* Begin PBXGroup section */
		1AD850F71F9547BE006FBB61 = {
			isa = PBXGroup;
			children = (
				1AD851021F9547BE006FBB61 /* energyapp */,
				1AD851011F9547BE006FBB61 /* Products */,
			);
			sourceTree = "<group>";
		};
		1AD851011F9547BE006FBB61 /* Products */ = {
			isa = PBXGroup;
			children = (
				1AD851001F9547BE006FBB61 /* energyapp.app */,
			);
			name = Products;
			sourceTree = "<group>";
		};
		1AD851021F9547BE006FBB61 /* energyapp */ = {
			isa = PBXGroup;
			children = (
				1AD851031F9547BE006FBB61 /* AppDelegate.swift */,
				1AD851091F9547BE006FBB61 /* Main.storyboard */,
				1AD8511C1F95539E006FBB61 /* Buildings */,
				1AD851281F955B8C006FBB61 /* HeatMap */,
				1AD851221F955845006FBB61 /* Overview */,
				1AD8510C1F9547BE006FBB61 /* Assets.xcassets */,
				1AD8510E1F9547BE006FBB61 /* LaunchScreen.storyboard */,
				1AD851111F9547BE006FBB61 /* Info.plist */,
			);
			path = energyapp;
			sourceTree = "<group>";
		};
		1AD8511C1F95539E006FBB61 /* Buildings */ = {
			isa = PBXGroup;
			children = (
				3AC869E11F983B9D0089F0FA /* Buildings.storyboard */,
				3A5F28DE1F981F5200CE6A45 /* BuildingListTableViewController.swift */,
				3A2B79641F9E5336006383C4 /* buildingCellTableViewCell.swift */,
				3A4FA4DC1F98F32A0086CFBF /* BuildingDetailViewController.swift */,
			);
			path = Buildings;
			sourceTree = "<group>";
		};
		1AD851221F955845006FBB61 /* Overview */ = {
			isa = PBXGroup;
			children = (
				1AD851231F9558E4006FBB61 /* OverviewViewController.swift */,
				1AD8511F1F955757006FBB61 /* Overview.storyboard */,
			);
			path = Overview;
			sourceTree = "<group>";
		};
		1AD851281F955B8C006FBB61 /* HeatMap */ = {
			isa = PBXGroup;
			children = (
				1AD851071F9547BE006FBB61 /* HeatMapViewController.swift */,
				1AD851251F955B84006FBB61 /* HeatMap.storyboard */,
			);
			path = HeatMap;
			sourceTree = "<group>";
		};
/* End PBXGroup section */

/* Begin PBXNativeTarget section */
		1AD850FF1F9547BE006FBB61 /* energyapp */ = {
			isa = PBXNativeTarget;
			buildConfigurationList = 1AD851141F9547BE006FBB61 /* Build configuration list for PBXNativeTarget "energyapp" */;
			buildPhases = (
				1AD850FC1F9547BE006FBB61 /* Sources */,
				1AD850FD1F9547BE006FBB61 /* Frameworks */,
				1AD850FE1F9547BE006FBB61 /* Resources */,
			);
			buildRules = (
			);
			dependencies = (
			);
			name = energyapp;
			productName = energyapp;
			productReference = 1AD851001F9547BE006FBB61 /* energyapp.app */;
			productType = "com.apple.product-type.application";
		};
/* End PBXNativeTarget section */

/* Begin PBXProject section */
		1AD850F81F9547BE006FBB61 /* Project object */ = {
			isa = PBXProject;
			attributes = {
				LastSwiftUpdateCheck = 0900;
				LastUpgradeCheck = 0900;
				ORGANIZATIONNAME = "Carleton College";
				TargetAttributes = {
					1AD850FF1F9547BE006FBB61 = {
						CreatedOnToolsVersion = 9.0;
						ProvisioningStyle = Automatic;
					};
				};
			};
			buildConfigurationList = 1AD850FB1F9547BE006FBB61 /* Build configuration list for PBXProject "energyapp" */;
			compatibilityVersion = "Xcode 8.0";
			developmentRegion = en;
			hasScannedForEncodings = 0;
			knownRegions = (
				en,
				Base,
			);
			mainGroup = 1AD850F71F9547BE006FBB61;
			productRefGroup = 1AD851011F9547BE006FBB61 /* Products */;
			projectDirPath = "";
			projectRoot = "";
			targets = (
				1AD850FF1F9547BE006FBB61 /* energyapp */,
			);
		};
/* End PBXProject section */

/* Begin PBXResourcesBuildPhase section */
		1AD850FE1F9547BE006FBB61 /* Resources */ = {
			isa = PBXResourcesBuildPhase;
			buildActionMask = 2147483647;
			files = (
				1AD851271F955B84006FBB61 /* HeatMap.storyboard in Resources */,
				1AD851101F9547BE006FBB61 /* LaunchScreen.storyboard in Resources */,
				3AC869E21F983B9D0089F0FA /* Buildings.storyboard in Resources */,
				1AD8510D1F9547BE006FBB61 /* Assets.xcassets in Resources */,
				1AD851201F955757006FBB61 /* Overview.storyboard in Resources */,
				1AD8510B1F9547BE006FBB61 /* Main.storyboard in Resources */,
			);
			runOnlyForDeploymentPostprocessing = 0;
		};
/* End PBXResourcesBuildPhase section */

/* Begin PBXSourcesBuildPhase section */
		1AD850FC1F9547BE006FBB61 /* Sources */ = {
			isa = PBXSourcesBuildPhase;
			buildActionMask = 2147483647;
			files = (
				3A4FA4DD1F98F32A0086CFBF /* BuildingDetailViewController.swift in Sources */,
				1AD851081F9547BE006FBB61 /* HeatMapViewController.swift in Sources */,
				1AD851241F9558E4006FBB61 /* OverviewViewController.swift in Sources */,
				3A2B79651F9E5336006383C4 /* buildingCellTableViewCell.swift in Sources */,
				3A5F28DF1F981F5200CE6A45 /* BuildingListTableViewController.swift in Sources */,
				1AD851041F9547BE006FBB61 /* AppDelegate.swift in Sources */,
			);
			runOnlyForDeploymentPostprocessing = 0;
		};
/* End PBXSourcesBuildPhase section */

/* Begin PBXVariantGroup section */
		1AD851091F9547BE006FBB61 /* Main.storyboard */ = {
			isa = PBXVariantGroup;
			children = (
				1AD8510A1F9547BE006FBB61 /* Base */,
			);
			name = Main.storyboard;
			sourceTree = "<group>";
		};
		1AD8510E1F9547BE006FBB61 /* LaunchScreen.storyboard */ = {
			isa = PBXVariantGroup;
			children = (
				1AD8510F1F9547BE006FBB61 /* Base */,
			);
			name = LaunchScreen.storyboard;
			sourceTree = "<group>";
		};
		1AD851251F955B84006FBB61 /* HeatMap.storyboard */ = {
			isa = PBXVariantGroup;
			children = (
				1AD851261F955B84006FBB61 /* Base */,
			);
			name = HeatMap.storyboard;
			sourceTree = "<group>";
		};
/* End PBXVariantGroup section */

/* Begin XCBuildConfiguration section */
		1AD851121F9547BE006FBB61 /* Debug */ = {
			isa = XCBuildConfiguration;
			buildSettings = {
				ALWAYS_SEARCH_USER_PATHS = NO;
				CLANG_ANALYZER_NONNULL = YES;
				CLANG_ANALYZER_NUMBER_OBJECT_CONVERSION = YES_AGGRESSIVE;
				CLANG_CXX_LANGUAGE_STANDARD = "gnu++14";
				CLANG_CXX_LIBRARY = "libc++";
				CLANG_ENABLE_MODULES = YES;
				CLANG_ENABLE_OBJC_ARC = YES;
				CLANG_WARN_BLOCK_CAPTURE_AUTORELEASING = YES;
				CLANG_WARN_BOOL_CONVERSION = YES;
				CLANG_WARN_COMMA = YES;
				CLANG_WARN_CONSTANT_CONVERSION = YES;
				CLANG_WARN_DIRECT_OBJC_ISA_USAGE = YES_ERROR;
				CLANG_WARN_DOCUMENTATION_COMMENTS = YES;
				CLANG_WARN_EMPTY_BODY = YES;
				CLANG_WARN_ENUM_CONVERSION = YES;
				CLANG_WARN_INFINITE_RECURSION = YES;
				CLANG_WARN_INT_CONVERSION = YES;
				CLANG_WARN_NON_LITERAL_NULL_CONVERSION = YES;
				CLANG_WARN_OBJC_LITERAL_CONVERSION = YES;
				CLANG_WARN_OBJC_ROOT_CLASS = YES_ERROR;
				CLANG_WARN_RANGE_LOOP_ANALYSIS = YES;
				CLANG_WARN_STRICT_PROTOTYPES = YES;
				CLANG_WARN_SUSPICIOUS_MOVE = YES;
				CLANG_WARN_UNGUARDED_AVAILABILITY = YES_AGGRESSIVE;
				CLANG_WARN_UNREACHABLE_CODE = YES;
				CLANG_WARN__DUPLICATE_METHOD_MATCH = YES;
				CODE_SIGN_IDENTITY = "iPhone Developer";
				COPY_PHASE_STRIP = NO;
				DEBUG_INFORMATION_FORMAT = dwarf;
				ENABLE_STRICT_OBJC_MSGSEND = YES;
				ENABLE_TESTABILITY = YES;
				GCC_C_LANGUAGE_STANDARD = gnu11;
				GCC_DYNAMIC_NO_PIC = NO;
				GCC_NO_COMMON_BLOCKS = YES;
				GCC_OPTIMIZATION_LEVEL = 0;
				GCC_PREPROCESSOR_DEFINITIONS = (
					"DEBUG=1",
					"$(inherited)",
				);
				GCC_WARN_64_TO_32_BIT_CONVERSION = YES;
				GCC_WARN_ABOUT_RETURN_TYPE = YES_ERROR;
				GCC_WARN_UNDECLARED_SELECTOR = YES;
				GCC_WARN_UNINITIALIZED_AUTOS = YES_AGGRESSIVE;
				GCC_WARN_UNUSED_FUNCTION = YES;
				GCC_WARN_UNUSED_VARIABLE = YES;
				IPHONEOS_DEPLOYMENT_TARGET = 11.0;
				MTL_ENABLE_DEBUG_INFO = YES;
				ONLY_ACTIVE_ARCH = YES;
				SDKROOT = iphoneos;
				SWIFT_ACTIVE_COMPILATION_CONDITIONS = DEBUG;
				SWIFT_OPTIMIZATION_LEVEL = "-Onone";
			};
			name = Debug;
		};
		1AD851131F9547BE006FBB61 /* Release */ = {
			isa = XCBuildConfiguration;
			buildSettings = {
				ALWAYS_SEARCH_USER_PATHS = NO;
				CLANG_ANALYZER_NONNULL = YES;
				CLANG_ANALYZER_NUMBER_OBJECT_CONVERSION = YES_AGGRESSIVE;
				CLANG_CXX_LANGUAGE_STANDARD = "gnu++14";
				CLANG_CXX_LIBRARY = "libc++";
				CLANG_ENABLE_MODULES = YES;
				CLANG_ENABLE_OBJC_ARC = YES;
				CLANG_WARN_BLOCK_CAPTURE_AUTORELEASING = YES;
				CLANG_WARN_BOOL_CONVERSION = YES;
				CLANG_WARN_COMMA = YES;
				CLANG_WARN_CONSTANT_CONVERSION = YES;
				CLANG_WARN_DIRECT_OBJC_ISA_USAGE = YES_ERROR;
				CLANG_WARN_DOCUMENTATION_COMMENTS = YES;
				CLANG_WARN_EMPTY_BODY = YES;
				CLANG_WARN_ENUM_CONVERSION = YES;
				CLANG_WARN_INFINITE_RECURSION = YES;
				CLANG_WARN_INT_CONVERSION = YES;
				CLANG_WARN_NON_LITERAL_NULL_CONVERSION = YES;
				CLANG_WARN_OBJC_LITERAL_CONVERSION = YES;
				CLANG_WARN_OBJC_ROOT_CLASS = YES_ERROR;
				CLANG_WARN_RANGE_LOOP_ANALYSIS = YES;
				CLANG_WARN_STRICT_PROTOTYPES = YES;
				CLANG_WARN_SUSPICIOUS_MOVE = YES;
				CLANG_WARN_UNGUARDED_AVAILABILITY = YES_AGGRESSIVE;
				CLANG_WARN_UNREACHABLE_CODE = YES;
				CLANG_WARN__DUPLICATE_METHOD_MATCH = YES;
				CODE_SIGN_IDENTITY = "iPhone Developer";
				COPY_PHASE_STRIP = NO;
				DEBUG_INFORMATION_FORMAT = "dwarf-with-dsym";
				ENABLE_NS_ASSERTIONS = NO;
				ENABLE_STRICT_OBJC_MSGSEND = YES;
				GCC_C_LANGUAGE_STANDARD = gnu11;
				GCC_NO_COMMON_BLOCKS = YES;
				GCC_WARN_64_TO_32_BIT_CONVERSION = YES;
				GCC_WARN_ABOUT_RETURN_TYPE = YES_ERROR;
				GCC_WARN_UNDECLARED_SELECTOR = YES;
				GCC_WARN_UNINITIALIZED_AUTOS = YES_AGGRESSIVE;
				GCC_WARN_UNUSED_FUNCTION = YES;
				GCC_WARN_UNUSED_VARIABLE = YES;
				IPHONEOS_DEPLOYMENT_TARGET = 11.0;
				MTL_ENABLE_DEBUG_INFO = NO;
				SDKROOT = iphoneos;
				SWIFT_OPTIMIZATION_LEVEL = "-Owholemodule";
				VALIDATE_PRODUCT = YES;
			};
			name = Release;
		};
		1AD851151F9547BE006FBB61 /* Debug */ = {
			isa = XCBuildConfiguration;
			buildSettings = {
				ASSETCATALOG_COMPILER_APPICON_NAME = AppIcon;
				CODE_SIGN_STYLE = Automatic;
				DEVELOPMENT_TEAM = F32NER3Q9Y;
				INFOPLIST_FILE = energyapp/Info.plist;
				LD_RUNPATH_SEARCH_PATHS = "$(inherited) @executable_path/Frameworks";
				PRODUCT_BUNDLE_IDENTIFIER = carletoncollege.energyapp;
				PRODUCT_NAME = "$(TARGET_NAME)";
				SWIFT_VERSION = 4.0;
				TARGETED_DEVICE_FAMILY = "1,2";
			};
			name = Debug;
		};
		1AD851161F9547BE006FBB61 /* Release */ = {
			isa = XCBuildConfiguration;
			buildSettings = {
				ASSETCATALOG_COMPILER_APPICON_NAME = AppIcon;
				CODE_SIGN_STYLE = Automatic;
				DEVELOPMENT_TEAM = F32NER3Q9Y;
				INFOPLIST_FILE = energyapp/Info.plist;
				LD_RUNPATH_SEARCH_PATHS = "$(inherited) @executable_path/Frameworks";
				PRODUCT_BUNDLE_IDENTIFIER = carletoncollege.energyapp;
				PRODUCT_NAME = "$(TARGET_NAME)";
				SWIFT_VERSION = 4.0;
				TARGETED_DEVICE_FAMILY = "1,2";
			};
			name = Release;
		};
/* End XCBuildConfiguration section */

/* Begin XCConfigurationList section */
		1AD850FB1F9547BE006FBB61 /* Build configuration list for PBXProject "energyapp" */ = {
			isa = XCConfigurationList;
			buildConfigurations = (
				1AD851121F9547BE006FBB61 /* Debug */,
				1AD851131F9547BE006FBB61 /* Release */,
			);
			defaultConfigurationIsVisible = 0;
			defaultConfigurationName = Release;
		};
		1AD851141F9547BE006FBB61 /* Build configuration list for PBXNativeTarget "energyapp" */ = {
			isa = XCConfigurationList;
			buildConfigurations = (
				1AD851151F9547BE006FBB61 /* Debug */,
				1AD851161F9547BE006FBB61 /* Release */,
			);
			defaultConfigurationIsVisible = 0;
			defaultConfigurationName = Release;
		};
/* End XCConfigurationList section */
	};
	rootObject = 1AD850F81F9547BE006FBB61 /* Project object */;
}
